
Microsoft Visual Studio Solution File, Format Version 12.00
# Visual Studio Version 17
VisualStudioVersion = 17.0.31903.59
MinimumVisualStudioVersion = 10.0.40219.1
Project("{FAE04EC0-301F-11D3-BF4B-00C04F79EFBC}") = "SampleApi", "SampleApi\SampleApi.csproj", "{CCFFD0C0-86CC-4A9F-B558-EBB937411819}"
EndProject
Project("{FAE04EC0-301F-11D3-BF4B-00C04F79EFBC}") = "InfrastructureAsCode", "InfrastructureAsCode\InfrastructureAsCode.csproj", "{8D1C79CF-ED31-411A-A7E9-D3AA535CD73E}"
EndProject
Project("{FAE04EC0-301F-11D3-BF4B-00C04F79EFBC}") = "SampleExtension", "SampleExtension\SampleExtension.csproj", "{AC664343-E364-41C8-ACC5-006E08E56A8B}"
EndProject
Project("{2150E333-8FDC-42A3-9474-1A3956D46DE8}") = "SolutionFolder", "SolutionFolder", "{C4A4C4A5-EFC4-43E3-84E6-63E5CA0A4CF7}"
	ProjectSection(SolutionItems) = preProject
		Readme.md = Readme.md
	EndProjectSection
EndProject
Global
	GlobalSection(SolutionConfigurationPlatforms) = preSolution
		Debug|Any CPU = Debug|Any CPU
		Release|Any CPU = Release|Any CPU
	EndGlobalSection
	GlobalSection(SolutionProperties) = preSolution
		HideSolutionNode = FALSE
	EndGlobalSection
	GlobalSection(ProjectConfigurationPlatforms) = postSolution
		{CCFFD0C0-86CC-4A9F-B558-EBB937411819}.Debug|Any CPU.ActiveCfg = Debug|Any CPU
		{CCFFD0C0-86CC-4A9F-B558-EBB937411819}.Debug|Any CPU.Build.0 = Debug|Any CPU
		{CCFFD0C0-86CC-4A9F-B558-EBB937411819}.Release|Any CPU.ActiveCfg = Release|Any CPU
		{CCFFD0C0-86CC-4A9F-B558-EBB937411819}.Release|Any CPU.Build.0 = Release|Any CPU
		{8D1C79CF-ED31-411A-A7E9-D3AA535CD73E}.Debug|Any CPU.ActiveCfg = Debug|Any CPU
		{8D1C79CF-ED31-411A-A7E9-D3AA535CD73E}.Debug|Any CPU.Build.0 = Debug|Any CPU
		{8D1C79CF-ED31-411A-A7E9-D3AA535CD73E}.Release|Any CPU.ActiveCfg = Release|Any CPU
		{8D1C79CF-ED31-411A-A7E9-D3AA535CD73E}.Release|Any CPU.Build.0 = Release|Any CPU
		{AC664343-E364-41C8-ACC5-006E08E56A8B}.Debug|Any CPU.ActiveCfg = Debug|Any CPU
		{AC664343-E364-41C8-ACC5-006E08E56A8B}.Debug|Any CPU.Build.0 = Debug|Any CPU
		{AC664343-E364-41C8-ACC5-006E08E56A8B}.Release|Any CPU.ActiveCfg = Release|Any CPU
		{AC664343-E364-41C8-ACC5-006E08E56A8B}.Release|Any CPU.Build.0 = Release|Any CPU
	EndGlobalSection
EndGlobal
