
Microsoft Visual Studio Solution File, Format Version 12.00
# Visual Studio Version 17
VisualStudioVersion = 17.0.31903.59
MinimumVisualStudioVersion = 10.0.40219.1
Project("{FAE04EC0-301F-11D3-BF4B-00C04F79EFBC}") = "SampleApi", "SampleApi\SampleApi.csproj", "{CCFFD0C0-86CC-4A9F-B558-EBB937411819}"
EndProject
Project("{FAE04EC0-301F-11D3-BF4B-00C04F79EFBC}") = "InfrastructureAsCode", "InfrastructureAsCode\InfrastructureAsCode.csproj", "{8D1C79CF-ED31-411A-A7E9-D3AA535CD73E}"
EndProject
Global
	GlobalSection(SolutionConfigurationPlatforms) = preSolution
		Debug|Any CPU = Debug|Any CPU
		Release|Any CPU = Release|Any CPU
	EndGlobalSection
	GlobalSection(SolutionProperties) = preSolution
		HideSolutionNode = FALSE
	EndGlobalSection
	GlobalSection(ProjectConfigurationPlatforms) = postSolution
		{CCFFD0C0-86CC-4A9F-B558-EBB937411819}.Debug|Any CPU.ActiveCfg = Debug|Any CPU
		{CCFFD0C0-86CC-4A9F-B558-EBB937411819}.Debug|Any CPU.Build.0 = Debug|Any CPU
		{CCFFD0C0-86CC-4A9F-B558-EBB937411819}.Release|Any CPU.ActiveCfg = Release|Any CPU
		{CCFFD0C0-86CC-4A9F-B558-EBB937411819}.Release|Any CPU.Build.0 = Release|Any CPU
		{8D1C79CF-ED31-411A-A7E9-D3AA535CD73E}.Debug|Any CPU.ActiveCfg = Debug|Any CPU
		{8D1C79CF-ED31-411A-A7E9-D3AA535CD73E}.Debug|Any CPU.Build.0 = Debug|Any CPU
		{8D1C79CF-ED31-411A-A7E9-D3AA535CD73E}.Release|Any CPU.ActiveCfg = Release|Any CPU
		{8D1C79CF-ED31-411A-A7E9-D3AA535CD73E}.Release|Any CPU.Build.0 = Release|Any CPU
	EndGlobalSection
EndGlobal
